// !$*UTF8*$!
{
	archiveVersion = 1;
	classes = {
	};
	objectVersion = 55;
	objects = {

/* Begin PBXBuildFile section */
		A01E66612901BD94001341B5 /* AppDelegate.swift in Sources */ = {isa = PBXBuildFile; fileRef = A01E66602901BD94001341B5 /* AppDelegate.swift */; };
		A01E66632901BD94001341B5 /* SceneDelegate.swift in Sources */ = {isa = PBXBuildFile; fileRef = A01E66622901BD94001341B5 /* SceneDelegate.swift */; };
		A01E66652901BD94001341B5 /* ViewController.swift in Sources */ = {isa = PBXBuildFile; fileRef = A01E66642901BD94001341B5 /* ViewController.swift */; };
		A01E66682901BD94001341B5 /* Main.storyboard in Resources */ = {isa = PBXBuildFile; fileRef = A01E66662901BD94001341B5 /* Main.storyboard */; };
		A01E666A2901BD96001341B5 /* Assets.xcassets in Resources */ = {isa = PBXBuildFile; fileRef = A01E66692901BD96001341B5 /* Assets.xcassets */; };
		A01E666D2901BD96001341B5 /* LaunchScreen.storyboard in Resources */ = {isa = PBXBuildFile; fileRef = A01E666B2901BD96001341B5 /* LaunchScreen.storyboard */; };
		A01E66782901BD96001341B5 /* Restaurant_AppTests.swift in Sources */ = {isa = PBXBuildFile; fileRef = A01E66772901BD96001341B5 /* Restaurant_AppTests.swift */; };
		A01E66822901BD96001341B5 /* Restaurant_AppUITests.swift in Sources */ = {isa = PBXBuildFile; fileRef = A01E66812901BD96001341B5 /* Restaurant_AppUITests.swift */; };
		A01E66842901BD96001341B5 /* Restaurant_AppUITestsLaunchTests.swift in Sources */ = {isa = PBXBuildFile; fileRef = A01E66832901BD96001341B5 /* Restaurant_AppUITestsLaunchTests.swift */; };
		A01E66972901CD9B001341B5 /* RestaurantViewModel.swift in Sources */ = {isa = PBXBuildFile; fileRef = A01E66962901CD9B001341B5 /* RestaurantViewModel.swift */; };
		A01E66992901D95A001341B5 /* CustomCell.swift in Sources */ = {isa = PBXBuildFile; fileRef = A01E66982901D95A001341B5 /* CustomCell.swift */; };
/* End PBXBuildFile section */

/* Begin PBXContainerItemProxy section */
		A01E66742901BD96001341B5 /* PBXContainerItemProxy */ = {
			isa = PBXContainerItemProxy;
			containerPortal = A01E66552901BD93001341B5 /* Project object */;
			proxyType = 1;
			remoteGlobalIDString = A01E665C2901BD93001341B5;
			remoteInfo = "Restaurant App";
		};
		A01E667E2901BD96001341B5 /* PBXContainerItemProxy */ = {
			isa = PBXContainerItemProxy;
			containerPortal = A01E66552901BD93001341B5 /* Project object */;
			proxyType = 1;
			remoteGlobalIDString = A01E665C2901BD93001341B5;
			remoteInfo = "Restaurant App";
		};
/* End PBXContainerItemProxy section */

/* Begin PBXFileReference section */
		A01E665D2901BD94001341B5 /* Restaurant App.app */ = {isa = PBXFileReference; explicitFileType = wrapper.application; includeInIndex = 0; path = "Restaurant App.app"; sourceTree = BUILT_PRODUCTS_DIR; };
		A01E66602901BD94001341B5 /* AppDelegate.swift */ = {isa = PBXFileReference; lastKnownFileType = sourcecode.swift; path = AppDelegate.swift; sourceTree = "<group>"; };
		A01E66622901BD94001341B5 /* SceneDelegate.swift */ = {isa = PBXFileReference; lastKnownFileType = sourcecode.swift; path = SceneDelegate.swift; sourceTree = "<group>"; };
		A01E66642901BD94001341B5 /* ViewController.swift */ = {isa = PBXFileReference; lastKnownFileType = sourcecode.swift; path = ViewController.swift; sourceTree = "<group>"; };
		A01E66672901BD94001341B5 /* Base */ = {isa = PBXFileReference; lastKnownFileType = file.storyboard; name = Base; path = Base.lproj/Main.storyboard; sourceTree = "<group>"; };
		A01E66692901BD96001341B5 /* Assets.xcassets */ = {isa = PBXFileReference; lastKnownFileType = folder.assetcatalog; path = Assets.xcassets; sourceTree = "<group>"; };
		A01E666C2901BD96001341B5 /* Base */ = {isa = PBXFileReference; lastKnownFileType = file.storyboard; name = Base; path = Base.lproj/LaunchScreen.storyboard; sourceTree = "<group>"; };
		A01E666E2901BD96001341B5 /* Info.plist */ = {isa = PBXFileReference; lastKnownFileType = text.plist.xml; path = Info.plist; sourceTree = "<group>"; };
		A01E66732901BD96001341B5 /* Restaurant AppTests.xctest */ = {isa = PBXFileReference; explicitFileType = wrapper.cfbundle; includeInIndex = 0; path = "Restaurant AppTests.xctest"; sourceTree = BUILT_PRODUCTS_DIR; };
		A01E66772901BD96001341B5 /* Restaurant_AppTests.swift */ = {isa = PBXFileReference; lastKnownFileType = sourcecode.swift; path = Restaurant_AppTests.swift; sourceTree = "<group>"; };
		A01E667D2901BD96001341B5 /* Restaurant AppUITests.xctest */ = {isa = PBXFileReference; explicitFileType = wrapper.cfbundle; includeInIndex = 0; path = "Restaurant AppUITests.xctest"; sourceTree = BUILT_PRODUCTS_DIR; };
		A01E66812901BD96001341B5 /* Restaurant_AppUITests.swift */ = {isa = PBXFileReference; lastKnownFileType = sourcecode.swift; path = Restaurant_AppUITests.swift; sourceTree = "<group>"; };
		A01E66832901BD96001341B5 /* Restaurant_AppUITestsLaunchTests.swift */ = {isa = PBXFileReference; lastKnownFileType = sourcecode.swift; path = Restaurant_AppUITestsLaunchTests.swift; sourceTree = "<group>"; };
		A01E66962901CD9B001341B5 /* RestaurantViewModel.swift */ = {isa = PBXFileReference; lastKnownFileType = sourcecode.swift; path = RestaurantViewModel.swift; sourceTree = "<group>"; };
		A01E66982901D95A001341B5 /* CustomCell.swift */ = {isa = PBXFileReference; lastKnownFileType = sourcecode.swift; path = CustomCell.swift; sourceTree = "<group>"; };
/* End PBXFileReference section */

/* Begin PBXFrameworksBuildPhase section */
		A01E665A2901BD93001341B5 /* Frameworks */ = {
			isa = PBXFrameworksBuildPhase;
			buildActionMask = 2147483647;
			files = (
			);
			runOnlyForDeploymentPostprocessing = 0;
		};
		A01E66702901BD96001341B5 /* Frameworks */ = {
			isa = PBXFrameworksBuildPhase;
			buildActionMask = 2147483647;
			files = (
			);
			runOnlyForDeploymentPostprocessing = 0;
		};
		A01E667A2901BD96001341B5 /* Frameworks */ = {
			isa = PBXFrameworksBuildPhase;
			buildActionMask = 2147483647;
			files = (
			);
			runOnlyForDeploymentPostprocessing = 0;
		};
/* End PBXFrameworksBuildPhase section */

/* Begin PBXGroup section */
		A01E66542901BD93001341B5 = {
			isa = PBXGroup;
			children = (
				A01E665F2901BD94001341B5 /* Restaurant App */,
				A01E66762901BD96001341B5 /* Restaurant AppTests */,
				A01E66802901BD96001341B5 /* Restaurant AppUITests */,
				A01E665E2901BD94001341B5 /* Products */,
			);
			sourceTree = "<group>";
		};
		A01E665E2901BD94001341B5 /* Products */ = {
			isa = PBXGroup;
			children = (
				A01E665D2901BD94001341B5 /* Restaurant App.app */,
				A01E66732901BD96001341B5 /* Restaurant AppTests.xctest */,
				A01E667D2901BD96001341B5 /* Restaurant AppUITests.xctest */,
			);
			name = Products;
			sourceTree = "<group>";
		};
		A01E665F2901BD94001341B5 /* Restaurant App */ = {
			isa = PBXGroup;
			children = (
				A01E66952901CD8D001341B5 /* ViewModel */,
				A01E66902901C6F0001341B5 /* Cell */,
				A01E66602901BD94001341B5 /* AppDelegate.swift */,
				A01E66622901BD94001341B5 /* SceneDelegate.swift */,
				A01E66642901BD94001341B5 /* ViewController.swift */,
				A01E66662901BD94001341B5 /* Main.storyboard */,
				A01E66692901BD96001341B5 /* Assets.xcassets */,
				A01E666B2901BD96001341B5 /* LaunchScreen.storyboard */,
				A01E666E2901BD96001341B5 /* Info.plist */,
			);
			path = "Restaurant App";
			sourceTree = "<group>";
		};
		A01E66762901BD96001341B5 /* Restaurant AppTests */ = {
			isa = PBXGroup;
			children = (
				A01E66772901BD96001341B5 /* Restaurant_AppTests.swift */,
			);
			path = "Restaurant AppTests";
			sourceTree = "<group>";
		};
		A01E66802901BD96001341B5 /* Restaurant AppUITests */ = {
			isa = PBXGroup;
			children = (
				A01E66812901BD96001341B5 /* Restaurant_AppUITests.swift */,
				A01E66832901BD96001341B5 /* Restaurant_AppUITestsLaunchTests.swift */,
			);
			path = "Restaurant AppUITests";
			sourceTree = "<group>";
		};
		A01E66902901C6F0001341B5 /* Cell */ = {
			isa = PBXGroup;
			children = (
				A01E66982901D95A001341B5 /* CustomCell.swift */,
			);
			path = Cell;
			sourceTree = "<group>";
		};
		A01E66952901CD8D001341B5 /* ViewModel */ = {
			isa = PBXGroup;
			children = (
				A01E66962901CD9B001341B5 /* RestaurantViewModel.swift */,
			);
			path = ViewModel;
			sourceTree = "<group>";
		};
/* End PBXGroup section */

/* Begin PBXNativeTarget section */
		A01E665C2901BD93001341B5 /* Restaurant App */ = {
			isa = PBXNativeTarget;
			buildConfigurationList = A01E66872901BD96001341B5 /* Build configuration list for PBXNativeTarget "Restaurant App" */;
			buildPhases = (
				A01E66592901BD93001341B5 /* Sources */,
				A01E665A2901BD93001341B5 /* Frameworks */,
				A01E665B2901BD93001341B5 /* Resources */,
			);
			buildRules = (
			);
			dependencies = (
			);
			name = "Restaurant App";
			productName = "Restaurant App";
			productReference = A01E665D2901BD94001341B5 /* Restaurant App.app */;
			productType = "com.apple.product-type.application";
		};
		A01E66722901BD96001341B5 /* Restaurant AppTests */ = {
			isa = PBXNativeTarget;
			buildConfigurationList = A01E668A2901BD96001341B5 /* Build configuration list for PBXNativeTarget "Restaurant AppTests" */;
			buildPhases = (
				A01E666F2901BD96001341B5 /* Sources */,
				A01E66702901BD96001341B5 /* Frameworks */,
				A01E66712901BD96001341B5 /* Resources */,
			);
			buildRules = (
			);
			dependencies = (
				A01E66752901BD96001341B5 /* PBXTargetDependency */,
			);
			name = "Restaurant AppTests";
			productName = "Restaurant AppTests";
			productReference = A01E66732901BD96001341B5 /* Restaurant AppTests.xctest */;
			productType = "com.apple.product-type.bundle.unit-test";
		};
		A01E667C2901BD96001341B5 /* Restaurant AppUITests */ = {
			isa = PBXNativeTarget;
			buildConfigurationList = A01E668D2901BD96001341B5 /* Build configuration list for PBXNativeTarget "Restaurant AppUITests" */;
			buildPhases = (
				A01E66792901BD96001341B5 /* Sources */,
				A01E667A2901BD96001341B5 /* Frameworks */,
				A01E667B2901BD96001341B5 /* Resources */,
			);
			buildRules = (
			);
			dependencies = (
				A01E667F2901BD96001341B5 /* PBXTargetDependency */,
			);
			name = "Restaurant AppUITests";
			productName = "Restaurant AppUITests";
			productReference = A01E667D2901BD96001341B5 /* Restaurant AppUITests.xctest */;
			productType = "com.apple.product-type.bundle.ui-testing";
		};
/* End PBXNativeTarget section */

/* Begin PBXProject section */
		A01E66552901BD93001341B5 /* Project object */ = {
			isa = PBXProject;
			attributes = {
				BuildIndependentTargetsInParallel = 1;
				LastSwiftUpdateCheck = 1300;
				LastUpgradeCheck = 1300;
				TargetAttributes = {
					A01E665C2901BD93001341B5 = {
						CreatedOnToolsVersion = 13.0;
					};
					A01E66722901BD96001341B5 = {
						CreatedOnToolsVersion = 13.0;
						TestTargetID = A01E665C2901BD93001341B5;
					};
					A01E667C2901BD96001341B5 = {
						CreatedOnToolsVersion = 13.0;
						TestTargetID = A01E665C2901BD93001341B5;
					};
				};
			};
			buildConfigurationList = A01E66582901BD93001341B5 /* Build configuration list for PBXProject "Restaurant App" */;
			compatibilityVersion = "Xcode 13.0";
			developmentRegion = en;
			hasScannedForEncodings = 0;
			knownRegions = (
				en,
				Base,
			);
			mainGroup = A01E66542901BD93001341B5;
			productRefGroup = A01E665E2901BD94001341B5 /* Products */;
			projectDirPath = "";
			projectRoot = "";
			targets = (
				A01E665C2901BD93001341B5 /* Restaurant App */,
				A01E66722901BD96001341B5 /* Restaurant AppTests */,
				A01E667C2901BD96001341B5 /* Restaurant AppUITests */,
			);
		};
/* End PBXProject section */

/* Begin PBXResourcesBuildPhase section */
		A01E665B2901BD93001341B5 /* Resources */ = {
			isa = PBXResourcesBuildPhase;
			buildActionMask = 2147483647;
			files = (
				A01E666D2901BD96001341B5 /* LaunchScreen.storyboard in Resources */,
				A01E666A2901BD96001341B5 /* Assets.xcassets in Resources */,
				A01E66682901BD94001341B5 /* Main.storyboard in Resources */,
			);
			runOnlyForDeploymentPostprocessing = 0;
		};
		A01E66712901BD96001341B5 /* Resources */ = {
			isa = PBXResourcesBuildPhase;
			buildActionMask = 2147483647;
			files = (
			);
			runOnlyForDeploymentPostprocessing = 0;
		};
		A01E667B2901BD96001341B5 /* Resources */ = {
			isa = PBXResourcesBuildPhase;
			buildActionMask = 2147483647;
			files = (
			);
			runOnlyForDeploymentPostprocessing = 0;
		};
/* End PBXResourcesBuildPhase section */

/* Begin PBXSourcesBuildPhase section */
		A01E66592901BD93001341B5 /* Sources */ = {
			isa = PBXSourcesBuildPhase;
			buildActionMask = 2147483647;
			files = (
				A01E66652901BD94001341B5 /* ViewController.swift in Sources */,
				A01E66612901BD94001341B5 /* AppDelegate.swift in Sources */,
				A01E66992901D95A001341B5 /* CustomCell.swift in Sources */,
				A01E66972901CD9B001341B5 /* RestaurantViewModel.swift in Sources */,
				A01E66632901BD94001341B5 /* SceneDelegate.swift in Sources */,
			);
			runOnlyForDeploymentPostprocessing = 0;
		};
		A01E666F2901BD96001341B5 /* Sources */ = {
			isa = PBXSourcesBuildPhase;
			buildActionMask = 2147483647;
			files = (
				A01E66782901BD96001341B5 /* Restaurant_AppTests.swift in Sources */,
			);
			runOnlyForDeploymentPostprocessing = 0;
		};
		A01E66792901BD96001341B5 /* Sources */ = {
			isa = PBXSourcesBuildPhase;
			buildActionMask = 2147483647;
			files = (
				A01E66822901BD96001341B5 /* Restaurant_AppUITests.swift in Sources */,
				A01E66842901BD96001341B5 /* Restaurant_AppUITestsLaunchTests.swift in Sources */,
			);
			runOnlyForDeploymentPostprocessing = 0;
		};
/* End PBXSourcesBuildPhase section */

/* Begin PBXTargetDependency section */
		A01E66752901BD96001341B5 /* PBXTargetDependency */ = {
			isa = PBXTargetDependency;
			target = A01E665C2901BD93001341B5 /* Restaurant App */;
			targetProxy = A01E66742901BD96001341B5 /* PBXContainerItemProxy */;
		};
		A01E667F2901BD96001341B5 /* PBXTargetDependency */ = {
			isa = PBXTargetDependency;
			target = A01E665C2901BD93001341B5 /* Restaurant App */;
			targetProxy = A01E667E2901BD96001341B5 /* PBXContainerItemProxy */;
		};
/* End PBXTargetDependency section */

/* Begin PBXVariantGroup section */
		A01E66662901BD94001341B5 /* Main.storyboard */ = {
			isa = PBXVariantGroup;
			children = (
				A01E66672901BD94001341B5 /* Base */,
			);
			name = Main.storyboard;
			sourceTree = "<group>";
		};
		A01E666B2901BD96001341B5 /* LaunchScreen.storyboard */ = {
			isa = PBXVariantGroup;
			children = (
				A01E666C2901BD96001341B5 /* Base */,
			);
			name = LaunchScreen.storyboard;
			sourceTree = "<group>";
		};
/* End PBXVariantGroup section */

/* Begin XCBuildConfiguration section */
		A01E66852901BD96001341B5 /* Debug */ = {
			isa = XCBuildConfiguration;
			buildSettings = {
				ALWAYS_SEARCH_USER_PATHS = NO;
				CLANG_ANALYZER_NONNULL = YES;
				CLANG_ANALYZER_NUMBER_OBJECT_CONVERSION = YES_AGGRESSIVE;
				CLANG_CXX_LANGUAGE_STANDARD = "gnu++17";
				CLANG_CXX_LIBRARY = "libc++";
				CLANG_ENABLE_MODULES = YES;
				CLANG_ENABLE_OBJC_ARC = YES;
				CLANG_ENABLE_OBJC_WEAK = YES;
				CLANG_WARN_BLOCK_CAPTURE_AUTORELEASING = YES;
				CLANG_WARN_BOOL_CONVERSION = YES;
				CLANG_WARN_COMMA = YES;
				CLANG_WARN_CONSTANT_CONVERSION = YES;
				CLANG_WARN_DEPRECATED_OBJC_IMPLEMENTATIONS = YES;
				CLANG_WARN_DIRECT_OBJC_ISA_USAGE = YES_ERROR;
				CLANG_WARN_DOCUMENTATION_COMMENTS = YES;
				CLANG_WARN_EMPTY_BODY = YES;
				CLANG_WARN_ENUM_CONVERSION = YES;
				CLANG_WARN_INFINITE_RECURSION = YES;
				CLANG_WARN_INT_CONVERSION = YES;
				CLANG_WARN_NON_LITERAL_NULL_CONVERSION = YES;
				CLANG_WARN_OBJC_IMPLICIT_RETAIN_SELF = YES;
				CLANG_WARN_OBJC_LITERAL_CONVERSION = YES;
				CLANG_WARN_OBJC_ROOT_CLASS = YES_ERROR;
				CLANG_WARN_QUOTED_INCLUDE_IN_FRAMEWORK_HEADER = YES;
				CLANG_WARN_RANGE_LOOP_ANALYSIS = YES;
				CLANG_WARN_STRICT_PROTOTYPES = YES;
				CLANG_WARN_SUSPICIOUS_MOVE = YES;
				CLANG_WARN_UNGUARDED_AVAILABILITY = YES_AGGRESSIVE;
				CLANG_WARN_UNREACHABLE_CODE = YES;
				CLANG_WARN__DUPLICATE_METHOD_MATCH = YES;
				COPY_PHASE_STRIP = NO;
				DEBUG_INFORMATION_FORMAT = dwarf;
				ENABLE_STRICT_OBJC_MSGSEND = YES;
				ENABLE_TESTABILITY = YES;
				GCC_C_LANGUAGE_STANDARD = gnu11;
				GCC_DYNAMIC_NO_PIC = NO;
				GCC_NO_COMMON_BLOCKS = YES;
				GCC_OPTIMIZATION_LEVEL = 0;
				GCC_PREPROCESSOR_DEFINITIONS = (
					"DEBUG=1",
					"$(inherited)",
				);
				GCC_WARN_64_TO_32_BIT_CONVERSION = YES;
				GCC_WARN_ABOUT_RETURN_TYPE = YES_ERROR;
				GCC_WARN_UNDECLARED_SELECTOR = YES;
				GCC_WARN_UNINITIALIZED_AUTOS = YES_AGGRESSIVE;
				GCC_WARN_UNUSED_FUNCTION = YES;
				GCC_WARN_UNUSED_VARIABLE = YES;
				IPHONEOS_DEPLOYMENT_TARGET = 15.0;
				MTL_ENABLE_DEBUG_INFO = INCLUDE_SOURCE;
				MTL_FAST_MATH = YES;
				ONLY_ACTIVE_ARCH = YES;
				SDKROOT = iphoneos;
				SWIFT_ACTIVE_COMPILATION_CONDITIONS = DEBUG;
				SWIFT_OPTIMIZATION_LEVEL = "-Onone";
			};
			name = Debug;
		};
		A01E66862901BD96001341B5 /* Release */ = {
			isa = XCBuildConfiguration;
			buildSettings = {
				ALWAYS_SEARCH_USER_PATHS = NO;
				CLANG_ANALYZER_NONNULL = YES;
				CLANG_ANALYZER_NUMBER_OBJECT_CONVERSION = YES_AGGRESSIVE;
				CLANG_CXX_LANGUAGE_STANDARD = "gnu++17";
				CLANG_CXX_LIBRARY = "libc++";
				CLANG_ENABLE_MODULES = YES;
				CLANG_ENABLE_OBJC_ARC = YES;
				CLANG_ENABLE_OBJC_WEAK = YES;
				CLANG_WARN_BLOCK_CAPTURE_AUTORELEASING = YES;
				CLANG_WARN_BOOL_CONVERSION = YES;
				CLANG_WARN_COMMA = YES;
				CLANG_WARN_CONSTANT_CONVERSION = YES;
				CLANG_WARN_DEPRECATED_OBJC_IMPLEMENTATIONS = YES;
				CLANG_WARN_DIRECT_OBJC_ISA_USAGE = YES_ERROR;
				CLANG_WARN_DOCUMENTATION_COMMENTS = YES;
				CLANG_WARN_EMPTY_BODY = YES;
				CLANG_WARN_ENUM_CONVERSION = YES;
				CLANG_WARN_INFINITE_RECURSION = YES;
				CLANG_WARN_INT_CONVERSION = YES;
				CLANG_WARN_NON_LITERAL_NULL_CONVERSION = YES;
				CLANG_WARN_OBJC_IMPLICIT_RETAIN_SELF = YES;
				CLANG_WARN_OBJC_LITERAL_CONVERSION = YES;
				CLANG_WARN_OBJC_ROOT_CLASS = YES_ERROR;
				CLANG_WARN_QUOTED_INCLUDE_IN_FRAMEWORK_HEADER = YES;
				CLANG_WARN_RANGE_LOOP_ANALYSIS = YES;
				CLANG_WARN_STRICT_PROTOTYPES = YES;
				CLANG_WARN_SUSPICIOUS_MOVE = YES;
				CLANG_WARN_UNGUARDED_AVAILABILITY = YES_AGGRESSIVE;
				CLANG_WARN_UNREACHABLE_CODE = YES;
				CLANG_WARN__DUPLICATE_METHOD_MATCH = YES;
				COPY_PHASE_STRIP = NO;
				DEBUG_INFORMATION_FORMAT = "dwarf-with-dsym";
				ENABLE_NS_ASSERTIONS = NO;
				ENABLE_STRICT_OBJC_MSGSEND = YES;
				GCC_C_LANGUAGE_STANDARD = gnu11;
				GCC_NO_COMMON_BLOCKS = YES;
				GCC_WARN_64_TO_32_BIT_CONVERSION = YES;
				GCC_WARN_ABOUT_RETURN_TYPE = YES_ERROR;
				GCC_WARN_UNDECLARED_SELECTOR = YES;
				GCC_WARN_UNINITIALIZED_AUTOS = YES_AGGRESSIVE;
				GCC_WARN_UNUSED_FUNCTION = YES;
				GCC_WARN_UNUSED_VARIABLE = YES;
				IPHONEOS_DEPLOYMENT_TARGET = 15.0;
				MTL_ENABLE_DEBUG_INFO = NO;
				MTL_FAST_MATH = YES;
				SDKROOT = iphoneos;
				SWIFT_COMPILATION_MODE = wholemodule;
				SWIFT_OPTIMIZATION_LEVEL = "-O";
				VALIDATE_PRODUCT = YES;
			};
			name = Release;
		};
		A01E66882901BD96001341B5 /* Debug */ = {
			isa = XCBuildConfiguration;
			buildSettings = {
				ASSETCATALOG_COMPILER_APPICON_NAME = AppIcon;
				ASSETCATALOG_COMPILER_GLOBAL_ACCENT_COLOR_NAME = AccentColor;
				CODE_SIGN_STYLE = Automatic;
				CURRENT_PROJECT_VERSION = 1;
				GENERATE_INFOPLIST_FILE = YES;
				INFOPLIST_FILE = "Restaurant App/Info.plist";
				INFOPLIST_KEY_UIApplicationSupportsIndirectInputEvents = YES;
				INFOPLIST_KEY_UILaunchStoryboardName = LaunchScreen;
				INFOPLIST_KEY_UIMainStoryboardFile = Main;
				INFOPLIST_KEY_UISupportedInterfaceOrientations_iPad = "UIInterfaceOrientationPortrait UIInterfaceOrientationPortraitUpsideDown UIInterfaceOrientationLandscapeLeft UIInterfaceOrientationLandscapeRight";
				INFOPLIST_KEY_UISupportedInterfaceOrientations_iPhone = "UIInterfaceOrientationPortrait UIInterfaceOrientationLandscapeLeft UIInterfaceOrientationLandscapeRight";
				LD_RUNPATH_SEARCH_PATHS = (
					"$(inherited)",
					"@executable_path/Frameworks",
				);
				MARKETING_VERSION = 1.0;
				PRODUCT_BUNDLE_IDENTIFIER = "com.test.Restaurant-App";
				PRODUCT_NAME = "$(TARGET_NAME)";
				SWIFT_EMIT_LOC_STRINGS = YES;
				SWIFT_VERSION = 5.0;
				TARGETED_DEVICE_FAMILY = "1,2";
			};
			name = Debug;
		};
		A01E66892901BD96001341B5 /* Release */ = {
			isa = XCBuildConfiguration;
			buildSettings = {
				ASSETCATALOG_COMPILER_APPICON_NAME = AppIcon;
				ASSETCATALOG_COMPILER_GLOBAL_ACCENT_COLOR_NAME = AccentColor;
				CODE_SIGN_STYLE = Automatic;
				CURRENT_PROJECT_VERSION = 1;
				GENERATE_INFOPLIST_FILE = YES;
				INFOPLIST_FILE = "Restaurant App/Info.plist";
				INFOPLIST_KEY_UIApplicationSupportsIndirectInputEvents = YES;
				INFOPLIST_KEY_UILaunchStoryboardName = LaunchScreen;
				INFOPLIST_KEY_UIMainStoryboardFile = Main;
				INFOPLIST_KEY_UISupportedInterfaceOrientations_iPad = "UIInterfaceOrientationPortrait UIInterfaceOrientationPortraitUpsideDown UIInterfaceOrientationLandscapeLeft UIInterfaceOrientationLandscapeRight";
				INFOPLIST_KEY_UISupportedInterfaceOrientations_iPhone = "UIInterfaceOrientationPortrait UIInterfaceOrientationLandscapeLeft UIInterfaceOrientationLandscapeRight";
				LD_RUNPATH_SEARCH_PATHS = (
					"$(inherited)",
					"@executable_path/Frameworks",
				);
				MARKETING_VERSION = 1.0;
				PRODUCT_BUNDLE_IDENTIFIER = "com.test.Restaurant-App";
				PRODUCT_NAME = "$(TARGET_NAME)";
				SWIFT_EMIT_LOC_STRINGS = YES;
				SWIFT_VERSION = 5.0;
				TARGETED_DEVICE_FAMILY = "1,2";
			};
			name = Release;
		};
		A01E668B2901BD96001341B5 /* Debug */ = {
			isa = XCBuildConfiguration;
			buildSettings = {
				ALWAYS_EMBED_SWIFT_STANDARD_LIBRARIES = YES;
				BUNDLE_LOADER = "$(TEST_HOST)";
				CODE_SIGN_STYLE = Automatic;
				CURRENT_PROJECT_VERSION = 1;
				GENERATE_INFOPLIST_FILE = YES;
				IPHONEOS_DEPLOYMENT_TARGET = 15.0;
				LD_RUNPATH_SEARCH_PATHS = (
					"$(inherited)",
					"@executable_path/Frameworks",
					"@loader_path/Frameworks",
				);
				MARKETING_VERSION = 1.0;
				PRODUCT_BUNDLE_IDENTIFIER = "com.test.Restaurant-AppTests";
				PRODUCT_NAME = "$(TARGET_NAME)";
				SWIFT_EMIT_LOC_STRINGS = NO;
				SWIFT_VERSION = 5.0;
				TARGETED_DEVICE_FAMILY = "1,2";
				TEST_HOST = "$(BUILT_PRODUCTS_DIR)/Restaurant App.app/Restaurant App";
			};
			name = Debug;
		};
		A01E668C2901BD96001341B5 /* Release */ = {
			isa = XCBuildConfiguration;
			buildSettings = {
				ALWAYS_EMBED_SWIFT_STANDARD_LIBRARIES = YES;
				BUNDLE_LOADER = "$(TEST_HOST)";
				CODE_SIGN_STYLE = Automatic;
				CURRENT_PROJECT_VERSION = 1;
				GENERATE_INFOPLIST_FILE = YES;
				IPHONEOS_DEPLOYMENT_TARGET = 15.0;
				LD_RUNPATH_SEARCH_PATHS = (
					"$(inherited)",
					"@executable_path/Frameworks",
					"@loader_path/Frameworks",
				);
				MARKETING_VERSION = 1.0;
				PRODUCT_BUNDLE_IDENTIFIER = "com.test.Restaurant-AppTests";
				PRODUCT_NAME = "$(TARGET_NAME)";
				SWIFT_EMIT_LOC_STRINGS = NO;
				SWIFT_VERSION = 5.0;
				TARGETED_DEVICE_FAMILY = "1,2";
				TEST_HOST = "$(BUILT_PRODUCTS_DIR)/Restaurant App.app/Restaurant App";
			};
			name = Release;
		};
		A01E668E2901BD96001341B5 /* Debug */ = {
			isa = XCBuildConfiguration;
			buildSettings = {
				ALWAYS_EMBED_SWIFT_STANDARD_LIBRARIES = YES;
				CODE_SIGN_STYLE = Automatic;
				CURRENT_PROJECT_VERSION = 1;
				GENERATE_INFOPLIST_FILE = YES;
				LD_RUNPATH_SEARCH_PATHS = (
					"$(inherited)",
					"@executable_path/Frameworks",
					"@loader_path/Frameworks",
				);
				MARKETING_VERSION = 1.0;
				PRODUCT_BUNDLE_IDENTIFIER = "com.test.Restaurant-AppUITests";
				PRODUCT_NAME = "$(TARGET_NAME)";
				SWIFT_EMIT_LOC_STRINGS = NO;
				SWIFT_VERSION = 5.0;
				TARGETED_DEVICE_FAMILY = "1,2";
				TEST_TARGET_NAME = "Restaurant App";
			};
			name = Debug;
		};
		A01E668F2901BD96001341B5 /* Release */ = {
			isa = XCBuildConfiguration;
			buildSettings = {
				ALWAYS_EMBED_SWIFT_STANDARD_LIBRARIES = YES;
				CODE_SIGN_STYLE = Automatic;
				CURRENT_PROJECT_VERSION = 1;
				GENERATE_INFOPLIST_FILE = YES;
				LD_RUNPATH_SEARCH_PATHS = (
					"$(inherited)",
					"@executable_path/Frameworks",
					"@loader_path/Frameworks",
				);
				MARKETING_VERSION = 1.0;
				PRODUCT_BUNDLE_IDENTIFIER = "com.test.Restaurant-AppUITests";
				PRODUCT_NAME = "$(TARGET_NAME)";
				SWIFT_EMIT_LOC_STRINGS = NO;
				SWIFT_VERSION = 5.0;
				TARGETED_DEVICE_FAMILY = "1,2";
				TEST_TARGET_NAME = "Restaurant App";
			};
			name = Release;
		};
/* End XCBuildConfiguration section */

/* Begin XCConfigurationList section */
		A01E66582901BD93001341B5 /* Build configuration list for PBXProject "Restaurant App" */ = {
			isa = XCConfigurationList;
			buildConfigurations = (
				A01E66852901BD96001341B5 /* Debug */,
				A01E66862901BD96001341B5 /* Release */,
			);
			defaultConfigurationIsVisible = 0;
			defaultConfigurationName = Release;
		};
		A01E66872901BD96001341B5 /* Build configuration list for PBXNativeTarget "Restaurant App" */ = {
			isa = XCConfigurationList;
			buildConfigurations = (
				A01E66882901BD96001341B5 /* Debug */,
				A01E66892901BD96001341B5 /* Release */,
			);
			defaultConfigurationIsVisible = 0;
			defaultConfigurationName = Release;
		};
		A01E668A2901BD96001341B5 /* Build configuration list for PBXNativeTarget "Restaurant AppTests" */ = {
			isa = XCConfigurationList;
			buildConfigurations = (
				A01E668B2901BD96001341B5 /* Debug */,
				A01E668C2901BD96001341B5 /* Release */,
			);
			defaultConfigurationIsVisible = 0;
			defaultConfigurationName = Release;
		};
		A01E668D2901BD96001341B5 /* Build configuration list for PBXNativeTarget "Restaurant AppUITests" */ = {
			isa = XCConfigurationList;
			buildConfigurations = (
				A01E668E2901BD96001341B5 /* Debug */,
				A01E668F2901BD96001341B5 /* Release */,
			);
			defaultConfigurationIsVisible = 0;
			defaultConfigurationName = Release;
		};
/* End XCConfigurationList section */
	};
	rootObject = A01E66552901BD93001341B5 /* Project object */;
}
